// !$*UTF8*$!
{
	archiveVersion = 1;
	classes = {
	};
	objectVersion = 50;
	objects = {

/* Begin PBXBuildFile section */
		BE5C9806239AE6FC001B84E3 /* AppDelegate.swift in Sources */ = {isa = PBXBuildFile; fileRef = BE5C9805239AE6FC001B84E3 /* AppDelegate.swift */; };
		BE5C9808239AE6FC001B84E3 /* SceneDelegate.swift in Sources */ = {isa = PBXBuildFile; fileRef = BE5C9807239AE6FC001B84E3 /* SceneDelegate.swift */; };
		BE5C980A239AE6FC001B84E3 /* ViewController.swift in Sources */ = {isa = PBXBuildFile; fileRef = BE5C9809239AE6FC001B84E3 /* ViewController.swift */; };
		BE5C980D239AE6FC001B84E3 /* Main.storyboard in Resources */ = {isa = PBXBuildFile; fileRef = BE5C980B239AE6FC001B84E3 /* Main.storyboard */; };
		BE5C980F239AE6FE001B84E3 /* Assets.xcassets in Resources */ = {isa = PBXBuildFile; fileRef = BE5C980E239AE6FE001B84E3 /* Assets.xcassets */; };
		BE5C9812239AE6FE001B84E3 /* LaunchScreen.storyboard in Resources */ = {isa = PBXBuildFile; fileRef = BE5C9810239AE6FE001B84E3 /* LaunchScreen.storyboard */; };
		BE5C981A239AEA35001B84E3 /* CountryCell.swift in Sources */ = {isa = PBXBuildFile; fileRef = BE5C9819239AEA35001B84E3 /* CountryCell.swift */; };
		BE5C981C239AF60C001B84E3 /* Country.swift in Sources */ = {isa = PBXBuildFile; fileRef = BE5C981B239AF60C001B84E3 /* Country.swift */; };
		BE5C981E239AF64B001B84E3 /* CountryAPIClient.swift in Sources */ = {isa = PBXBuildFile; fileRef = BE5C981D239AF64B001B84E3 /* CountryAPIClient.swift */; };
		BE6F5498239E203F002A4381 /* CountryDetail.swift in Sources */ = {isa = PBXBuildFile; fileRef = BE6F5497239E203F002A4381 /* CountryDetail.swift */; };
		BEC831A7239CB7A7005BF533 /* ImageClient.swift in Sources */ = {isa = PBXBuildFile; fileRef = BEC831A6239CB7A7005BF533 /* ImageClient.swift */; };
		BEC831A9239CB853005BF533 /* NetworkHelper.swift in Sources */ = {isa = PBXBuildFile; fileRef = BEC831A8239CB853005BF533 /* NetworkHelper.swift */; };
/* End PBXBuildFile section */

/* Begin PBXFileReference section */
		BE5C9802239AE6FC001B84E3 /* Concurrency.app */ = {isa = PBXFileReference; explicitFileType = wrapper.application; includeInIndex = 0; path = Concurrency.app; sourceTree = BUILT_PRODUCTS_DIR; };
		BE5C9805239AE6FC001B84E3 /* AppDelegate.swift */ = {isa = PBXFileReference; lastKnownFileType = sourcecode.swift; path = AppDelegate.swift; sourceTree = "<group>"; };
		BE5C9807239AE6FC001B84E3 /* SceneDelegate.swift */ = {isa = PBXFileReference; lastKnownFileType = sourcecode.swift; path = SceneDelegate.swift; sourceTree = "<group>"; };
		BE5C9809239AE6FC001B84E3 /* ViewController.swift */ = {isa = PBXFileReference; lastKnownFileType = sourcecode.swift; path = ViewController.swift; sourceTree = "<group>"; };
		BE5C980C239AE6FC001B84E3 /* Base */ = {isa = PBXFileReference; lastKnownFileType = file.storyboard; name = Base; path = Base.lproj/Main.storyboard; sourceTree = "<group>"; };
		BE5C980E239AE6FE001B84E3 /* Assets.xcassets */ = {isa = PBXFileReference; lastKnownFileType = folder.assetcatalog; path = Assets.xcassets; sourceTree = "<group>"; };
		BE5C9811239AE6FE001B84E3 /* Base */ = {isa = PBXFileReference; lastKnownFileType = file.storyboard; name = Base; path = Base.lproj/LaunchScreen.storyboard; sourceTree = "<group>"; };
		BE5C9813239AE6FE001B84E3 /* Info.plist */ = {isa = PBXFileReference; lastKnownFileType = text.plist.xml; path = Info.plist; sourceTree = "<group>"; };
		BE5C9819239AEA35001B84E3 /* CountryCell.swift */ = {isa = PBXFileReference; lastKnownFileType = sourcecode.swift; path = CountryCell.swift; sourceTree = "<group>"; };
		BE5C981B239AF60C001B84E3 /* Country.swift */ = {isa = PBXFileReference; lastKnownFileType = sourcecode.swift; path = Country.swift; sourceTree = "<group>"; };
		BE5C981D239AF64B001B84E3 /* CountryAPIClient.swift */ = {isa = PBXFileReference; lastKnownFileType = sourcecode.swift; path = CountryAPIClient.swift; sourceTree = "<group>"; };
		BE6F5497239E203F002A4381 /* CountryDetail.swift */ = {isa = PBXFileReference; lastKnownFileType = sourcecode.swift; path = CountryDetail.swift; sourceTree = "<group>"; };
		BEC831A6239CB7A7005BF533 /* ImageClient.swift */ = {isa = PBXFileReference; lastKnownFileType = sourcecode.swift; path = ImageClient.swift; sourceTree = "<group>"; };
		BEC831A8239CB853005BF533 /* NetworkHelper.swift */ = {isa = PBXFileReference; lastKnownFileType = sourcecode.swift; path = NetworkHelper.swift; sourceTree = "<group>"; };
/* End PBXFileReference section */

/* Begin PBXFrameworksBuildPhase section */
		BE5C97FF239AE6FC001B84E3 /* Frameworks */ = {
			isa = PBXFrameworksBuildPhase;
			buildActionMask = 2147483647;
			files = (
			);
			runOnlyForDeploymentPostprocessing = 0;
		};
/* End PBXFrameworksBuildPhase section */

/* Begin PBXGroup section */
		BE5C97F9239AE6FC001B84E3 = {
			isa = PBXGroup;
			children = (
				BE5C9804239AE6FC001B84E3 /* Concurrency */,
				BE5C9803239AE6FC001B84E3 /* Products */,
			);
			sourceTree = "<group>";
		};
		BE5C9803239AE6FC001B84E3 /* Products */ = {
			isa = PBXGroup;
			children = (
				BE5C9802239AE6FC001B84E3 /* Concurrency.app */,
			);
			name = Products;
			sourceTree = "<group>";
		};
		BE5C9804239AE6FC001B84E3 /* Concurrency */ = {
			isa = PBXGroup;
			children = (
				BE5C9805239AE6FC001B84E3 /* AppDelegate.swift */,
				BE5C9807239AE6FC001B84E3 /* SceneDelegate.swift */,
				BE5C9809239AE6FC001B84E3 /* ViewController.swift */,
				BE5C980B239AE6FC001B84E3 /* Main.storyboard */,
				BE5C981D239AF64B001B84E3 /* CountryAPIClient.swift */,
				BE5C981B239AF60C001B84E3 /* Country.swift */,
				BEC831A6239CB7A7005BF533 /* ImageClient.swift */,
				BE6F5497239E203F002A4381 /* CountryDetail.swift */,
				BEC831A8239CB853005BF533 /* NetworkHelper.swift */,
				BE5C9819239AEA35001B84E3 /* CountryCell.swift */,
				BE5C980E239AE6FE001B84E3 /* Assets.xcassets */,
				BE5C9810239AE6FE001B84E3 /* LaunchScreen.storyboard */,
				BE5C9813239AE6FE001B84E3 /* Info.plist */,
			);
			path = Concurrency;
			sourceTree = "<group>";
		};
/* End PBXGroup section */

/* Begin PBXNativeTarget section */
		BE5C9801239AE6FC001B84E3 /* Concurrency */ = {
			isa = PBXNativeTarget;
			buildConfigurationList = BE5C9816239AE6FE001B84E3 /* Build configuration list for PBXNativeTarget "Concurrency" */;
			buildPhases = (
				BE5C97FE239AE6FC001B84E3 /* Sources */,
				BE5C97FF239AE6FC001B84E3 /* Frameworks */,
				BE5C9800239AE6FC001B84E3 /* Resources */,
			);
			buildRules = (
			);
			dependencies = (
			);
			name = Concurrency;
			productName = Concurrency;
			productReference = BE5C9802239AE6FC001B84E3 /* Concurrency.app */;
			productType = "com.apple.product-type.application";
		};
/* End PBXNativeTarget section */

/* Begin PBXProject section */
		BE5C97FA239AE6FC001B84E3 /* Project object */ = {
			isa = PBXProject;
			attributes = {
				LastSwiftUpdateCheck = 1100;
				LastUpgradeCheck = 1100;
				ORGANIZATIONNAME = "Oscar Victoria Gonzalez ";
				TargetAttributes = {
					BE5C9801239AE6FC001B84E3 = {
						CreatedOnToolsVersion = 11.0;
					};
				};
			};
			buildConfigurationList = BE5C97FD239AE6FC001B84E3 /* Build configuration list for PBXProject "Concurrency" */;
			compatibilityVersion = "Xcode 9.3";
			developmentRegion = en;
			hasScannedForEncodings = 0;
			knownRegions = (
				en,
				Base,
			);
			mainGroup = BE5C97F9239AE6FC001B84E3;
			productRefGroup = BE5C9803239AE6FC001B84E3 /* Products */;
			projectDirPath = "";
			projectRoot = "";
			targets = (
				BE5C9801239AE6FC001B84E3 /* Concurrency */,
			);
		};
/* End PBXProject section */

/* Begin PBXResourcesBuildPhase section */
		BE5C9800239AE6FC001B84E3 /* Resources */ = {
			isa = PBXResourcesBuildPhase;
			buildActionMask = 2147483647;
			files = (
				BE5C9812239AE6FE001B84E3 /* LaunchScreen.storyboard in Resources */,
				BE5C980F239AE6FE001B84E3 /* Assets.xcassets in Resources */,
				BE5C980D239AE6FC001B84E3 /* Main.storyboard in Resources */,
			);
			runOnlyForDeploymentPostprocessing = 0;
		};
/* End PBXResourcesBuildPhase section */

/* Begin PBXSourcesBuildPhase section */
		BE5C97FE239AE6FC001B84E3 /* Sources */ = {
			isa = PBXSourcesBuildPhase;
			buildActionMask = 2147483647;
			files = (
				BEC831A9239CB853005BF533 /* NetworkHelper.swift in Sources */,
				BE5C981A239AEA35001B84E3 /* CountryCell.swift in Sources */,
				BE5C980A239AE6FC001B84E3 /* ViewController.swift in Sources */,
				BE5C981E239AF64B001B84E3 /* CountryAPIClient.swift in Sources */,
				BE6F5498239E203F002A4381 /* CountryDetail.swift in Sources */,
				BE5C9806239AE6FC001B84E3 /* AppDelegate.swift in Sources */,
				BE5C981C239AF60C001B84E3 /* Country.swift in Sources */,
				BE5C9808239AE6FC001B84E3 /* SceneDelegate.swift in Sources */,
				BEC831A7239CB7A7005BF533 /* ImageClient.swift in Sources */,
			);
			runOnlyForDeploymentPostprocessing = 0;
		};
/* End PBXSourcesBuildPhase section */

/* Begin PBXVariantGroup section */
		BE5C980B239AE6FC001B84E3 /* Main.storyboard */ = {
			isa = PBXVariantGroup;
			children = (
				BE5C980C239AE6FC001B84E3 /* Base */,
			);
			name = Main.storyboard;
			sourceTree = "<group>";
		};
		BE5C9810239AE6FE001B84E3 /* LaunchScreen.storyboard */ = {
			isa = PBXVariantGroup;
			children = (
				BE5C9811239AE6FE001B84E3 /* Base */,
			);
			name = LaunchScreen.storyboard;
			sourceTree = "<group>";
		};
/* End PBXVariantGroup section */

/* Begin XCBuildConfiguration section */
		BE5C9814239AE6FE001B84E3 /* Debug */ = {
			isa = XCBuildConfiguration;
			buildSettings = {
				ALWAYS_SEARCH_USER_PATHS = NO;
				CLANG_ANALYZER_NONNULL = YES;
				CLANG_ANALYZER_NUMBER_OBJECT_CONVERSION = YES_AGGRESSIVE;
				CLANG_CXX_LANGUAGE_STANDARD = "gnu++14";
				CLANG_CXX_LIBRARY = "libc++";
				CLANG_ENABLE_MODULES = YES;
				CLANG_ENABLE_OBJC_ARC = YES;
				CLANG_ENABLE_OBJC_WEAK = YES;
				CLANG_WARN_BLOCK_CAPTURE_AUTORELEASING = YES;
				CLANG_WARN_BOOL_CONVERSION = YES;
				CLANG_WARN_COMMA = YES;
				CLANG_WARN_CONSTANT_CONVERSION = YES;
				CLANG_WARN_DEPRECATED_OBJC_IMPLEMENTATIONS = YES;
				CLANG_WARN_DIRECT_OBJC_ISA_USAGE = YES_ERROR;
				CLANG_WARN_DOCUMENTATION_COMMENTS = YES;
				CLANG_WARN_EMPTY_BODY = YES;
				CLANG_WARN_ENUM_CONVERSION = YES;
				CLANG_WARN_INFINITE_RECURSION = YES;
				CLANG_WARN_INT_CONVERSION = YES;
				CLANG_WARN_NON_LITERAL_NULL_CONVERSION = YES;
				CLANG_WARN_OBJC_IMPLICIT_RETAIN_SELF = YES;
				CLANG_WARN_OBJC_LITERAL_CONVERSION = YES;
				CLANG_WARN_OBJC_ROOT_CLASS = YES_ERROR;
				CLANG_WARN_RANGE_LOOP_ANALYSIS = YES;
				CLANG_WARN_STRICT_PROTOTYPES = YES;
				CLANG_WARN_SUSPICIOUS_MOVE = YES;
				CLANG_WARN_UNGUARDED_AVAILABILITY = YES_AGGRESSIVE;
				CLANG_WARN_UNREACHABLE_CODE = YES;
				CLANG_WARN__DUPLICATE_METHOD_MATCH = YES;
				COPY_PHASE_STRIP = NO;
				DEBUG_INFORMATION_FORMAT = dwarf;
				ENABLE_STRICT_OBJC_MSGSEND = YES;
				ENABLE_TESTABILITY = YES;
				GCC_C_LANGUAGE_STANDARD = gnu11;
				GCC_DYNAMIC_NO_PIC = NO;
				GCC_NO_COMMON_BLOCKS = YES;
				GCC_OPTIMIZATION_LEVEL = 0;
				GCC_PREPROCESSOR_DEFINITIONS = (
					"DEBUG=1",
					"$(inherited)",
				);
				GCC_WARN_64_TO_32_BIT_CONVERSION = YES;
				GCC_WARN_ABOUT_RETURN_TYPE = YES_ERROR;
				GCC_WARN_UNDECLARED_SELECTOR = YES;
				GCC_WARN_UNINITIALIZED_AUTOS = YES_AGGRESSIVE;
				GCC_WARN_UNUSED_FUNCTION = YES;
				GCC_WARN_UNUSED_VARIABLE = YES;
				IPHONEOS_DEPLOYMENT_TARGET = 13.0;
				MTL_ENABLE_DEBUG_INFO = INCLUDE_SOURCE;
				MTL_FAST_MATH = YES;
				ONLY_ACTIVE_ARCH = YES;
				SDKROOT = iphoneos;
				SWIFT_ACTIVE_COMPILATION_CONDITIONS = DEBUG;
				SWIFT_OPTIMIZATION_LEVEL = "-Onone";
			};
			name = Debug;
		};
		BE5C9815239AE6FE001B84E3 /* Release */ = {
			isa = XCBuildConfiguration;
			buildSettings = {
				ALWAYS_SEARCH_USER_PATHS = NO;
				CLANG_ANALYZER_NONNULL = YES;
				CLANG_ANALYZER_NUMBER_OBJECT_CONVERSION = YES_AGGRESSIVE;
				CLANG_CXX_LANGUAGE_STANDARD = "gnu++14";
				CLANG_CXX_LIBRARY = "libc++";
				CLANG_ENABLE_MODULES = YES;
				CLANG_ENABLE_OBJC_ARC = YES;
				CLANG_ENABLE_OBJC_WEAK = YES;
				CLANG_WARN_BLOCK_CAPTURE_AUTORELEASING = YES;
				CLANG_WARN_BOOL_CONVERSION = YES;
				CLANG_WARN_COMMA = YES;
				CLANG_WARN_CONSTANT_CONVERSION = YES;
				CLANG_WARN_DEPRECATED_OBJC_IMPLEMENTATIONS = YES;
				CLANG_WARN_DIRECT_OBJC_ISA_USAGE = YES_ERROR;
				CLANG_WARN_DOCUMENTATION_COMMENTS = YES;
				CLANG_WARN_EMPTY_BODY = YES;
				CLANG_WARN_ENUM_CONVERSION = YES;
				CLANG_WARN_INFINITE_RECURSION = YES;
				CLANG_WARN_INT_CONVERSION = YES;
				CLANG_WARN_NON_LITERAL_NULL_CONVERSION = YES;
				CLANG_WARN_OBJC_IMPLICIT_RETAIN_SELF = YES;
				CLANG_WARN_OBJC_LITERAL_CONVERSION = YES;
				CLANG_WARN_OBJC_ROOT_CLASS = YES_ERROR;
				CLANG_WARN_RANGE_LOOP_ANALYSIS = YES;
				CLANG_WARN_STRICT_PROTOTYPES = YES;
				CLANG_WARN_SUSPICIOUS_MOVE = YES;
				CLANG_WARN_UNGUARDED_AVAILABILITY = YES_AGGRESSIVE;
				CLANG_WARN_UNREACHABLE_CODE = YES;
				CLANG_WARN__DUPLICATE_METHOD_MATCH = YES;
				COPY_PHASE_STRIP = NO;
				DEBUG_INFORMATION_FORMAT = "dwarf-with-dsym";
				ENABLE_NS_ASSERTIONS = NO;
				ENABLE_STRICT_OBJC_MSGSEND = YES;
				GCC_C_LANGUAGE_STANDARD = gnu11;
				GCC_NO_COMMON_BLOCKS = YES;
				GCC_WARN_64_TO_32_BIT_CONVERSION = YES;
				GCC_WARN_ABOUT_RETURN_TYPE = YES_ERROR;
				GCC_WARN_UNDECLARED_SELECTOR = YES;
				GCC_WARN_UNINITIALIZED_AUTOS = YES_AGGRESSIVE;
				GCC_WARN_UNUSED_FUNCTION = YES;
				GCC_WARN_UNUSED_VARIABLE = YES;
				IPHONEOS_DEPLOYMENT_TARGET = 13.0;
				MTL_ENABLE_DEBUG_INFO = NO;
				MTL_FAST_MATH = YES;
				SDKROOT = iphoneos;
				SWIFT_COMPILATION_MODE = wholemodule;
				SWIFT_OPTIMIZATION_LEVEL = "-O";
				VALIDATE_PRODUCT = YES;
			};
			name = Release;
		};
		BE5C9817239AE6FE001B84E3 /* Debug */ = {
			isa = XCBuildConfiguration;
			buildSettings = {
				ASSETCATALOG_COMPILER_APPICON_NAME = AppIcon;
				CODE_SIGN_STYLE = Automatic;
				DEVELOPMENT_TEAM = S55722VFBC;
				INFOPLIST_FILE = Concurrency/Info.plist;
				LD_RUNPATH_SEARCH_PATHS = (
					"$(inherited)",
					"@executable_path/Frameworks",
				);
				PRODUCT_BUNDLE_IDENTIFIER = oscarvictoria.Concurrency;
				PRODUCT_NAME = "$(TARGET_NAME)";
				SWIFT_VERSION = 5.0;
				TARGETED_DEVICE_FAMILY = "1,2";
			};
			name = Debug;
		};
		BE5C9818239AE6FE001B84E3 /* Release */ = {
			isa = XCBuildConfiguration;
			buildSettings = {
				ASSETCATALOG_COMPILER_APPICON_NAME = AppIcon;
				CODE_SIGN_STYLE = Automatic;
				DEVELOPMENT_TEAM = S55722VFBC;
				INFOPLIST_FILE = Concurrency/Info.plist;
				LD_RUNPATH_SEARCH_PATHS = (
					"$(inherited)",
					"@executable_path/Frameworks",
				);
				PRODUCT_BUNDLE_IDENTIFIER = oscarvictoria.Concurrency;
				PRODUCT_NAME = "$(TARGET_NAME)";
				SWIFT_VERSION = 5.0;
				TARGETED_DEVICE_FAMILY = "1,2";
			};
			name = Release;
		};
/* End XCBuildConfiguration section */

/* Begin XCConfigurationList section */
		BE5C97FD239AE6FC001B84E3 /* Build configuration list for PBXProject "Concurrency" */ = {
			isa = XCConfigurationList;
			buildConfigurations = (
				BE5C9814239AE6FE001B84E3 /* Debug */,
				BE5C9815239AE6FE001B84E3 /* Release */,
			);
			defaultConfigurationIsVisible = 0;
			defaultConfigurationName = Release;
		};
		BE5C9816239AE6FE001B84E3 /* Build configuration list for PBXNativeTarget "Concurrency" */ = {
			isa = XCConfigurationList;
			buildConfigurations = (
				BE5C9817239AE6FE001B84E3 /* Debug */,
				BE5C9818239AE6FE001B84E3 /* Release */,
			);
			defaultConfigurationIsVisible = 0;
			defaultConfigurationName = Release;
		};
/* End XCConfigurationList section */
	};
	rootObject = BE5C97FA239AE6FC001B84E3 /* Project object */;
}
